// !$*UTF8*$!
{
	archiveVersion = 1;
	classes = {
	};
	objectVersion = 46;
	objects = {

/* Begin PBXBuildFile section */
		281EDC741EEC71E300CDDB26 /* AppDelegate.swift in Sources */ = {isa = PBXBuildFile; fileRef = 281EDC731EEC71E300CDDB26 /* AppDelegate.swift */; };
		281EDC761EEC71E300CDDB26 /* ViewController.swift in Sources */ = {isa = PBXBuildFile; fileRef = 281EDC751EEC71E300CDDB26 /* ViewController.swift */; };
		281EDC791EEC71E300CDDB26 /* Main.storyboard in Resources */ = {isa = PBXBuildFile; fileRef = 281EDC771EEC71E300CDDB26 /* Main.storyboard */; };
		281EDC7C1EEC71E300CDDB26 /* Nurish.xcdatamodeld in Sources */ = {isa = PBXBuildFile; fileRef = 281EDC7A1EEC71E300CDDB26 /* Nurish.xcdatamodeld */; };
		281EDC7E1EEC71E300CDDB26 /* Assets.xcassets in Resources */ = {isa = PBXBuildFile; fileRef = 281EDC7D1EEC71E300CDDB26 /* Assets.xcassets */; };
		281EDC811EEC71E300CDDB26 /* LaunchScreen.storyboard in Resources */ = {isa = PBXBuildFile; fileRef = 281EDC7F1EEC71E300CDDB26 /* LaunchScreen.storyboard */; };
		281EDC8C1EEC71E300CDDB26 /* NurishTests.swift in Sources */ = {isa = PBXBuildFile; fileRef = 281EDC8B1EEC71E300CDDB26 /* NurishTests.swift */; };
		281EDC971EEC71E300CDDB26 /* NurishUITests.swift in Sources */ = {isa = PBXBuildFile; fileRef = 281EDC961EEC71E300CDDB26 /* NurishUITests.swift */; };
		281EDCAA1EEC730900CDDB26 /* SignUpVC.swift in Sources */ = {isa = PBXBuildFile; fileRef = 281EDCA91EEC730900CDDB26 /* SignUpVC.swift */; };
		281EDCAC1EEC7A2500CDDB26 /* UnderlinedTextField.swift in Sources */ = {isa = PBXBuildFile; fileRef = 281EDCAB1EEC7A2500CDDB26 /* UnderlinedTextField.swift */; };
/* End PBXBuildFile section */

/* Begin PBXContainerItemProxy section */
		281EDC881EEC71E300CDDB26 /* PBXContainerItemProxy */ = {
			isa = PBXContainerItemProxy;
			containerPortal = 281EDC681EEC71E300CDDB26 /* Project object */;
			proxyType = 1;
			remoteGlobalIDString = 281EDC6F1EEC71E300CDDB26;
			remoteInfo = Nurish;
		};
		281EDC931EEC71E300CDDB26 /* PBXContainerItemProxy */ = {
			isa = PBXContainerItemProxy;
			containerPortal = 281EDC681EEC71E300CDDB26 /* Project object */;
			proxyType = 1;
			remoteGlobalIDString = 281EDC6F1EEC71E300CDDB26;
			remoteInfo = Nurish;
		};
/* End PBXContainerItemProxy section */

/* Begin PBXFileReference section */
		281EDC701EEC71E300CDDB26 /* Nurish.app */ = {isa = PBXFileReference; explicitFileType = wrapper.application; includeInIndex = 0; path = Nurish.app; sourceTree = BUILT_PRODUCTS_DIR; };
		281EDC731EEC71E300CDDB26 /* AppDelegate.swift */ = {isa = PBXFileReference; lastKnownFileType = sourcecode.swift; path = AppDelegate.swift; sourceTree = "<group>"; };
		281EDC751EEC71E300CDDB26 /* ViewController.swift */ = {isa = PBXFileReference; lastKnownFileType = sourcecode.swift; path = ViewController.swift; sourceTree = "<group>"; };
		281EDC781EEC71E300CDDB26 /* Base */ = {isa = PBXFileReference; lastKnownFileType = file.storyboard; name = Base; path = Base.lproj/Main.storyboard; sourceTree = "<group>"; };
		281EDC7B1EEC71E300CDDB26 /* Nurish.xcdatamodel */ = {isa = PBXFileReference; lastKnownFileType = wrapper.xcdatamodel; path = Nurish.xcdatamodel; sourceTree = "<group>"; };
		281EDC7D1EEC71E300CDDB26 /* Assets.xcassets */ = {isa = PBXFileReference; lastKnownFileType = folder.assetcatalog; path = Assets.xcassets; sourceTree = "<group>"; };
		281EDC801EEC71E300CDDB26 /* Base */ = {isa = PBXFileReference; lastKnownFileType = file.storyboard; name = Base; path = Base.lproj/LaunchScreen.storyboard; sourceTree = "<group>"; };
		281EDC821EEC71E300CDDB26 /* Info.plist */ = {isa = PBXFileReference; lastKnownFileType = text.plist.xml; path = Info.plist; sourceTree = "<group>"; };
		281EDC871EEC71E300CDDB26 /* NurishTests.xctest */ = {isa = PBXFileReference; explicitFileType = wrapper.cfbundle; includeInIndex = 0; path = NurishTests.xctest; sourceTree = BUILT_PRODUCTS_DIR; };
		281EDC8B1EEC71E300CDDB26 /* NurishTests.swift */ = {isa = PBXFileReference; lastKnownFileType = sourcecode.swift; path = NurishTests.swift; sourceTree = "<group>"; };
		281EDC8D1EEC71E300CDDB26 /* Info.plist */ = {isa = PBXFileReference; lastKnownFileType = text.plist.xml; path = Info.plist; sourceTree = "<group>"; };
		281EDC921EEC71E300CDDB26 /* NurishUITests.xctest */ = {isa = PBXFileReference; explicitFileType = wrapper.cfbundle; includeInIndex = 0; path = NurishUITests.xctest; sourceTree = BUILT_PRODUCTS_DIR; };
		281EDC961EEC71E300CDDB26 /* NurishUITests.swift */ = {isa = PBXFileReference; lastKnownFileType = sourcecode.swift; path = NurishUITests.swift; sourceTree = "<group>"; };
		281EDC981EEC71E300CDDB26 /* Info.plist */ = {isa = PBXFileReference; lastKnownFileType = text.plist.xml; path = Info.plist; sourceTree = "<group>"; };
		281EDCA91EEC730900CDDB26 /* SignUpVC.swift */ = {isa = PBXFileReference; fileEncoding = 4; lastKnownFileType = sourcecode.swift; path = SignUpVC.swift; sourceTree = "<group>"; };
		281EDCAB1EEC7A2500CDDB26 /* UnderlinedTextField.swift */ = {isa = PBXFileReference; fileEncoding = 4; lastKnownFileType = sourcecode.swift; path = UnderlinedTextField.swift; sourceTree = "<group>"; };
/* End PBXFileReference section */

/* Begin PBXFrameworksBuildPhase section */
		281EDC6D1EEC71E300CDDB26 /* Frameworks */ = {
			isa = PBXFrameworksBuildPhase;
			buildActionMask = 2147483647;
			files = (
			);
			runOnlyForDeploymentPostprocessing = 0;
		};
		281EDC841EEC71E300CDDB26 /* Frameworks */ = {
			isa = PBXFrameworksBuildPhase;
			buildActionMask = 2147483647;
			files = (
			);
			runOnlyForDeploymentPostprocessing = 0;
		};
		281EDC8F1EEC71E300CDDB26 /* Frameworks */ = {
			isa = PBXFrameworksBuildPhase;
			buildActionMask = 2147483647;
			files = (
			);
			runOnlyForDeploymentPostprocessing = 0;
		};
/* End PBXFrameworksBuildPhase section */

/* Begin PBXGroup section */
		281EDC671EEC71E300CDDB26 = {
			isa = PBXGroup;
			children = (
				281EDC721EEC71E300CDDB26 /* Nurish */,
				281EDC8A1EEC71E300CDDB26 /* NurishTests */,
				281EDC951EEC71E300CDDB26 /* NurishUITests */,
				281EDC711EEC71E300CDDB26 /* Products */,
			);
			sourceTree = "<group>";
		};
		281EDC711EEC71E300CDDB26 /* Products */ = {
			isa = PBXGroup;
			children = (
				281EDC701EEC71E300CDDB26 /* Nurish.app */,
				281EDC871EEC71E300CDDB26 /* NurishTests.xctest */,
				281EDC921EEC71E300CDDB26 /* NurishUITests.xctest */,
			);
			name = Products;
			sourceTree = "<group>";
		};
		281EDC721EEC71E300CDDB26 /* Nurish */ = {
			isa = PBXGroup;
			children = (
				281EDC731EEC71E300CDDB26 /* AppDelegate.swift */,
				281EDC751EEC71E300CDDB26 /* ViewController.swift */,
				281EDC771EEC71E300CDDB26 /* Main.storyboard */,
				281EDCA61EEC72DC00CDDB26 /* Modal */,
				281EDCA71EEC72DD00CDDB26 /* View */,
				281EDCA81EEC72DE00CDDB26 /* Controller */,
				281EDC7D1EEC71E300CDDB26 /* Assets.xcassets */,
				281EDC7F1EEC71E300CDDB26 /* LaunchScreen.storyboard */,
				281EDC821EEC71E300CDDB26 /* Info.plist */,
				281EDC7A1EEC71E300CDDB26 /* Nurish.xcdatamodeld */,
			);
			path = Nurish;
			sourceTree = "<group>";
		};
		281EDC8A1EEC71E300CDDB26 /* NurishTests */ = {
			isa = PBXGroup;
			children = (
				281EDC8B1EEC71E300CDDB26 /* NurishTests.swift */,
				281EDC8D1EEC71E300CDDB26 /* Info.plist */,
			);
			path = NurishTests;
			sourceTree = "<group>";
		};
		281EDC951EEC71E300CDDB26 /* NurishUITests */ = {
			isa = PBXGroup;
			children = (
				281EDC961EEC71E300CDDB26 /* NurishUITests.swift */,
				281EDC981EEC71E300CDDB26 /* Info.plist */,
			);
			path = NurishUITests;
			sourceTree = "<group>";
		};
		281EDCA61EEC72DC00CDDB26 /* Modal */ = {
			isa = PBXGroup;
			children = (
			);
			name = Modal;
			sourceTree = "<group>";
		};
		281EDCA71EEC72DD00CDDB26 /* View */ = {
			isa = PBXGroup;
			children = (
				281EDCAB1EEC7A2500CDDB26 /* UnderlinedTextField.swift */,
			);
			name = View;
			sourceTree = "<group>";
		};
		281EDCA81EEC72DE00CDDB26 /* Controller */ = {
			isa = PBXGroup;
			children = (
				281EDCA91EEC730900CDDB26 /* SignUpVC.swift */,
			);
			name = Controller;
			sourceTree = "<group>";
		};
/* End PBXGroup section */

/* Begin PBXNativeTarget section */
		281EDC6F1EEC71E300CDDB26 /* Nurish */ = {
			isa = PBXNativeTarget;
			buildConfigurationList = 281EDC9B1EEC71E300CDDB26 /* Build configuration list for PBXNativeTarget "Nurish" */;
			buildPhases = (
				281EDC6C1EEC71E300CDDB26 /* Sources */,
				281EDC6D1EEC71E300CDDB26 /* Frameworks */,
				281EDC6E1EEC71E300CDDB26 /* Resources */,
			);
			buildRules = (
			);
			dependencies = (
			);
			name = Nurish;
			productName = Nurish;
			productReference = 281EDC701EEC71E300CDDB26 /* Nurish.app */;
			productType = "com.apple.product-type.application";
		};
		281EDC861EEC71E300CDDB26 /* NurishTests */ = {
			isa = PBXNativeTarget;
			buildConfigurationList = 281EDC9E1EEC71E300CDDB26 /* Build configuration list for PBXNativeTarget "NurishTests" */;
			buildPhases = (
				281EDC831EEC71E300CDDB26 /* Sources */,
				281EDC841EEC71E300CDDB26 /* Frameworks */,
				281EDC851EEC71E300CDDB26 /* Resources */,
			);
			buildRules = (
			);
			dependencies = (
				281EDC891EEC71E300CDDB26 /* PBXTargetDependency */,
			);
			name = NurishTests;
			productName = NurishTests;
			productReference = 281EDC871EEC71E300CDDB26 /* NurishTests.xctest */;
			productType = "com.apple.product-type.bundle.unit-test";
		};
		281EDC911EEC71E300CDDB26 /* NurishUITests */ = {
			isa = PBXNativeTarget;
			buildConfigurationList = 281EDCA11EEC71E300CDDB26 /* Build configuration list for PBXNativeTarget "NurishUITests" */;
			buildPhases = (
				281EDC8E1EEC71E300CDDB26 /* Sources */,
				281EDC8F1EEC71E300CDDB26 /* Frameworks */,
				281EDC901EEC71E300CDDB26 /* Resources */,
			);
			buildRules = (
			);
			dependencies = (
				281EDC941EEC71E300CDDB26 /* PBXTargetDependency */,
			);
			name = NurishUITests;
			productName = NurishUITests;
			productReference = 281EDC921EEC71E300CDDB26 /* NurishUITests.xctest */;
			productType = "com.apple.product-type.bundle.ui-testing";
		};
/* End PBXNativeTarget section */

/* Begin PBXProject section */
		281EDC681EEC71E300CDDB26 /* Project object */ = {
			isa = PBXProject;
			attributes = {
				LastSwiftUpdateCheck = 0830;
				LastUpgradeCheck = 0830;
				ORGANIZATIONNAME = "Yosvani Lopez";
				TargetAttributes = {
					281EDC6F1EEC71E300CDDB26 = {
						CreatedOnToolsVersion = 8.3.2;
						DevelopmentTeam = DPY5934975;
						ProvisioningStyle = Automatic;
					};
					281EDC861EEC71E300CDDB26 = {
						CreatedOnToolsVersion = 8.3.2;
						DevelopmentTeam = DPY5934975;
						ProvisioningStyle = Automatic;
						TestTargetID = 281EDC6F1EEC71E300CDDB26;
					};
					281EDC911EEC71E300CDDB26 = {
						CreatedOnToolsVersion = 8.3.2;
						DevelopmentTeam = DPY5934975;
						ProvisioningStyle = Automatic;
						TestTargetID = 281EDC6F1EEC71E300CDDB26;
					};
				};
			};
			buildConfigurationList = 281EDC6B1EEC71E300CDDB26 /* Build configuration list for PBXProject "Nurish" */;
			compatibilityVersion = "Xcode 3.2";
			developmentRegion = English;
			hasScannedForEncodings = 0;
			knownRegions = (
				en,
				Base,
			);
			mainGroup = 281EDC671EEC71E300CDDB26;
			productRefGroup = 281EDC711EEC71E300CDDB26 /* Products */;
			projectDirPath = "";
			projectRoot = "";
			targets = (
				281EDC6F1EEC71E300CDDB26 /* Nurish */,
				281EDC861EEC71E300CDDB26 /* NurishTests */,
				281EDC911EEC71E300CDDB26 /* NurishUITests */,
			);
		};
/* End PBXProject section */

/* Begin PBXResourcesBuildPhase section */
		281EDC6E1EEC71E300CDDB26 /* Resources */ = {
			isa = PBXResourcesBuildPhase;
			buildActionMask = 2147483647;
			files = (
				281EDC811EEC71E300CDDB26 /* LaunchScreen.storyboard in Resources */,
				281EDC7E1EEC71E300CDDB26 /* Assets.xcassets in Resources */,
				281EDC791EEC71E300CDDB26 /* Main.storyboard in Resources */,
			);
			runOnlyForDeploymentPostprocessing = 0;
		};
		281EDC851EEC71E300CDDB26 /* Resources */ = {
			isa = PBXResourcesBuildPhase;
			buildActionMask = 2147483647;
			files = (
			);
			runOnlyForDeploymentPostprocessing = 0;
		};
		281EDC901EEC71E300CDDB26 /* Resources */ = {
			isa = PBXResourcesBuildPhase;
			buildActionMask = 2147483647;
			files = (
			);
			runOnlyForDeploymentPostprocessing = 0;
		};
/* End PBXResourcesBuildPhase section */

/* Begin PBXSourcesBuildPhase section */
		281EDC6C1EEC71E300CDDB26 /* Sources */ = {
			isa = PBXSourcesBuildPhase;
			buildActionMask = 2147483647;
			files = (
				281EDC7C1EEC71E300CDDB26 /* Nurish.xcdatamodeld in Sources */,
				281EDCAC1EEC7A2500CDDB26 /* UnderlinedTextField.swift in Sources */,
				281EDC761EEC71E300CDDB26 /* ViewController.swift in Sources */,
				281EDC741EEC71E300CDDB26 /* AppDelegate.swift in Sources */,
				281EDCAA1EEC730900CDDB26 /* SignUpVC.swift in Sources */,
			);
			runOnlyForDeploymentPostprocessing = 0;
		};
		281EDC831EEC71E300CDDB26 /* Sources */ = {
			isa = PBXSourcesBuildPhase;
			buildActionMask = 2147483647;
			files = (
				281EDC8C1EEC71E300CDDB26 /* NurishTests.swift in Sources */,
			);
			runOnlyForDeploymentPostprocessing = 0;
		};
		281EDC8E1EEC71E300CDDB26 /* Sources */ = {
			isa = PBXSourcesBuildPhase;
			buildActionMask = 2147483647;
			files = (
				281EDC971EEC71E300CDDB26 /* NurishUITests.swift in Sources */,
			);
			runOnlyForDeploymentPostprocessing = 0;
		};
/* End PBXSourcesBuildPhase section */

/* Begin PBXTargetDependency section */
		281EDC891EEC71E300CDDB26 /* PBXTargetDependency */ = {
			isa = PBXTargetDependency;
			target = 281EDC6F1EEC71E300CDDB26 /* Nurish */;
			targetProxy = 281EDC881EEC71E300CDDB26 /* PBXContainerItemProxy */;
		};
		281EDC941EEC71E300CDDB26 /* PBXTargetDependency */ = {
			isa = PBXTargetDependency;
			target = 281EDC6F1EEC71E300CDDB26 /* Nurish */;
			targetProxy = 281EDC931EEC71E300CDDB26 /* PBXContainerItemProxy */;
		};
/* End PBXTargetDependency section */

/* Begin PBXVariantGroup section */
		281EDC771EEC71E300CDDB26 /* Main.storyboard */ = {
			isa = PBXVariantGroup;
			children = (
				281EDC781EEC71E300CDDB26 /* Base */,
			);
			name = Main.storyboard;
			sourceTree = "<group>";
		};
		281EDC7F1EEC71E300CDDB26 /* LaunchScreen.storyboard */ = {
			isa = PBXVariantGroup;
			children = (
				281EDC801EEC71E300CDDB26 /* Base */,
			);
			name = LaunchScreen.storyboard;
			sourceTree = "<group>";
		};
/* End PBXVariantGroup section */

/* Begin XCBuildConfiguration section */
		281EDC991EEC71E300CDDB26 /* Debug */ = {
			isa = XCBuildConfiguration;
			buildSettings = {
				ALWAYS_SEARCH_USER_PATHS = NO;
				CLANG_ANALYZER_NONNULL = YES;
				CLANG_ANALYZER_NUMBER_OBJECT_CONVERSION = YES_AGGRESSIVE;
				CLANG_CXX_LANGUAGE_STANDARD = "gnu++0x";
				CLANG_CXX_LIBRARY = "libc++";
				CLANG_ENABLE_MODULES = YES;
				CLANG_ENABLE_OBJC_ARC = YES;
				CLANG_WARN_BOOL_CONVERSION = YES;
				CLANG_WARN_CONSTANT_CONVERSION = YES;
				CLANG_WARN_DIRECT_OBJC_ISA_USAGE = YES_ERROR;
				CLANG_WARN_DOCUMENTATION_COMMENTS = YES;
				CLANG_WARN_EMPTY_BODY = YES;
				CLANG_WARN_ENUM_CONVERSION = YES;
				CLANG_WARN_INFINITE_RECURSION = YES;
				CLANG_WARN_INT_CONVERSION = YES;
				CLANG_WARN_OBJC_ROOT_CLASS = YES_ERROR;
				CLANG_WARN_SUSPICIOUS_MOVE = YES;
				CLANG_WARN_UNREACHABLE_CODE = YES;
				CLANG_WARN__DUPLICATE_METHOD_MATCH = YES;
				"CODE_SIGN_IDENTITY[sdk=iphoneos*]" = "iPhone Developer";
				COPY_PHASE_STRIP = NO;
				DEBUG_INFORMATION_FORMAT = dwarf;
				ENABLE_STRICT_OBJC_MSGSEND = YES;
				ENABLE_TESTABILITY = YES;
				GCC_C_LANGUAGE_STANDARD = gnu99;
				GCC_DYNAMIC_NO_PIC = NO;
				GCC_NO_COMMON_BLOCKS = YES;
				GCC_OPTIMIZATION_LEVEL = 0;
				GCC_PREPROCESSOR_DEFINITIONS = (
					"DEBUG=1",
					"$(inherited)",
				);
				GCC_WARN_64_TO_32_BIT_CONVERSION = YES;
				GCC_WARN_ABOUT_RETURN_TYPE = YES_ERROR;
				GCC_WARN_UNDECLARED_SELECTOR = YES;
				GCC_WARN_UNINITIALIZED_AUTOS = YES_AGGRESSIVE;
				GCC_WARN_UNUSED_FUNCTION = YES;
				GCC_WARN_UNUSED_VARIABLE = YES;
				IPHONEOS_DEPLOYMENT_TARGET = 10.3;
				MTL_ENABLE_DEBUG_INFO = YES;
				ONLY_ACTIVE_ARCH = YES;
				SDKROOT = iphoneos;
				SWIFT_ACTIVE_COMPILATION_CONDITIONS = DEBUG;
				SWIFT_OPTIMIZATION_LEVEL = "-Onone";
			};
			name = Debug;
		};
		281EDC9A1EEC71E300CDDB26 /* Release */ = {
			isa = XCBuildConfiguration;
			buildSettings = {
				ALWAYS_SEARCH_USER_PATHS = NO;
				CLANG_ANALYZER_NONNULL = YES;
				CLANG_ANALYZER_NUMBER_OBJECT_CONVERSION = YES_AGGRESSIVE;
				CLANG_CXX_LANGUAGE_STANDARD = "gnu++0x";
				CLANG_CXX_LIBRARY = "libc++";
				CLANG_ENABLE_MODULES = YES;
				CLANG_ENABLE_OBJC_ARC = YES;
				CLANG_WARN_BOOL_CONVERSION = YES;
				CLANG_WARN_CONSTANT_CONVERSION = YES;
				CLANG_WARN_DIRECT_OBJC_ISA_USAGE = YES_ERROR;
				CLANG_WARN_DOCUMENTATION_COMMENTS = YES;
				CLANG_WARN_EMPTY_BODY = YES;
				CLANG_WARN_ENUM_CONVERSION = YES;
				CLANG_WARN_INFINITE_RECURSION = YES;
				CLANG_WARN_INT_CONVERSION = YES;
				CLANG_WARN_OBJC_ROOT_CLASS = YES_ERROR;
				CLANG_WARN_SUSPICIOUS_MOVE = YES;
				CLANG_WARN_UNREACHABLE_CODE = YES;
				CLANG_WARN__DUPLICATE_METHOD_MATCH = YES;
				"CODE_SIGN_IDENTITY[sdk=iphoneos*]" = "iPhone Developer";
				COPY_PHASE_STRIP = NO;
				DEBUG_INFORMATION_FORMAT = "dwarf-with-dsym";
				ENABLE_NS_ASSERTIONS = NO;
				ENABLE_STRICT_OBJC_MSGSEND = YES;
				GCC_C_LANGUAGE_STANDARD = gnu99;
				GCC_NO_COMMON_BLOCKS = YES;
				GCC_WARN_64_TO_32_BIT_CONVERSION = YES;
				GCC_WARN_ABOUT_RETURN_TYPE = YES_ERROR;
				GCC_WARN_UNDECLARED_SELECTOR = YES;
				GCC_WARN_UNINITIALIZED_AUTOS = YES_AGGRESSIVE;
				GCC_WARN_UNUSED_FUNCTION = YES;
				GCC_WARN_UNUSED_VARIABLE = YES;
				IPHONEOS_DEPLOYMENT_TARGET = 10.3;
				MTL_ENABLE_DEBUG_INFO = NO;
				SDKROOT = iphoneos;
				SWIFT_OPTIMIZATION_LEVEL = "-Owholemodule";
				VALIDATE_PRODUCT = YES;
			};
			name = Release;
		};
		281EDC9C1EEC71E300CDDB26 /* Debug */ = {
			isa = XCBuildConfiguration;
			buildSettings = {
				ASSETCATALOG_COMPILER_APPICON_NAME = AppIcon;
				DEVELOPMENT_TEAM = DPY5934975;
				INFOPLIST_FILE = Nurish/Info.plist;
				IPHONEOS_DEPLOYMENT_TARGET = 10.1;
				LD_RUNPATH_SEARCH_PATHS = "$(inherited) @executable_path/Frameworks";
				PRODUCT_BUNDLE_IDENTIFIER = Yosvani.Nurish;
				PRODUCT_NAME = "$(TARGET_NAME)";
				SWIFT_VERSION = 3.0;
			};
			name = Debug;
		};
		281EDC9D1EEC71E300CDDB26 /* Release */ = {
			isa = XCBuildConfiguration;
			buildSettings = {
				ASSETCATALOG_COMPILER_APPICON_NAME = AppIcon;
				DEVELOPMENT_TEAM = DPY5934975;
				INFOPLIST_FILE = Nurish/Info.plist;
				IPHONEOS_DEPLOYMENT_TARGET = 10.1;
				LD_RUNPATH_SEARCH_PATHS = "$(inherited) @executable_path/Frameworks";
				PRODUCT_BUNDLE_IDENTIFIER = Yosvani.Nurish;
				PRODUCT_NAME = "$(TARGET_NAME)";
				SWIFT_VERSION = 3.0;
			};
			name = Release;
		};
		281EDC9F1EEC71E300CDDB26 /* Debug */ = {
			isa = XCBuildConfiguration;
			buildSettings = {
				ALWAYS_EMBED_SWIFT_STANDARD_LIBRARIES = YES;
				BUNDLE_LOADER = "$(TEST_HOST)";
				DEVELOPMENT_TEAM = DPY5934975;
				INFOPLIST_FILE = NurishTests/Info.plist;
				LD_RUNPATH_SEARCH_PATHS = "$(inherited) @executable_path/Frameworks @loader_path/Frameworks";
				PRODUCT_BUNDLE_IDENTIFIER = Yosvani.NurishTests;
				PRODUCT_NAME = "$(TARGET_NAME)";
				SWIFT_VERSION = 3.0;
				TEST_HOST = "$(BUILT_PRODUCTS_DIR)/Nurish.app/Nurish";
			};
			name = Debug;
		};
		281EDCA01EEC71E300CDDB26 /* Release */ = {
			isa = XCBuildConfiguration;
			buildSettings = {
				ALWAYS_EMBED_SWIFT_STANDARD_LIBRARIES = YES;
				BUNDLE_LOADER = "$(TEST_HOST)";
				DEVELOPMENT_TEAM = DPY5934975;
				INFOPLIST_FILE = NurishTests/Info.plist;
				LD_RUNPATH_SEARCH_PATHS = "$(inherited) @executable_path/Frameworks @loader_path/Frameworks";
				PRODUCT_BUNDLE_IDENTIFIER = Yosvani.NurishTests;
				PRODUCT_NAME = "$(TARGET_NAME)";
				SWIFT_VERSION = 3.0;
				TEST_HOST = "$(BUILT_PRODUCTS_DIR)/Nurish.app/Nurish";
			};
			name = Release;
		};
		281EDCA21EEC71E300CDDB26 /* Debug */ = {
			isa = XCBuildConfiguration;
			buildSettings = {
				ALWAYS_EMBED_SWIFT_STANDARD_LIBRARIES = YES;
				DEVELOPMENT_TEAM = DPY5934975;
				INFOPLIST_FILE = NurishUITests/Info.plist;
				LD_RUNPATH_SEARCH_PATHS = "$(inherited) @executable_path/Frameworks @loader_path/Frameworks";
				PRODUCT_BUNDLE_IDENTIFIER = Yosvani.NurishUITests;
				PRODUCT_NAME = "$(TARGET_NAME)";
				SWIFT_VERSION = 3.0;
				TEST_TARGET_NAME = Nurish;
			};
			name = Debug;
		};
		281EDCA31EEC71E300CDDB26 /* Release */ = {
			isa = XCBuildConfiguration;
			buildSettings = {
				ALWAYS_EMBED_SWIFT_STANDARD_LIBRARIES = YES;
				DEVELOPMENT_TEAM = DPY5934975;
				INFOPLIST_FILE = NurishUITests/Info.plist;
				LD_RUNPATH_SEARCH_PATHS = "$(inherited) @executable_path/Frameworks @loader_path/Frameworks";
				PRODUCT_BUNDLE_IDENTIFIER = Yosvani.NurishUITests;
				PRODUCT_NAME = "$(TARGET_NAME)";
				SWIFT_VERSION = 3.0;
				TEST_TARGET_NAME = Nurish;
			};
			name = Release;
		};
/* End XCBuildConfiguration section */

/* Begin XCConfigurationList section */
		281EDC6B1EEC71E300CDDB26 /* Build configuration list for PBXProject "Nurish" */ = {
			isa = XCConfigurationList;
			buildConfigurations = (
				281EDC991EEC71E300CDDB26 /* Debug */,
				281EDC9A1EEC71E300CDDB26 /* Release */,
			);
			defaultConfigurationIsVisible = 0;
			defaultConfigurationName = Release;
		};
		281EDC9B1EEC71E300CDDB26 /* Build configuration list for PBXNativeTarget "Nurish" */ = {
			isa = XCConfigurationList;
			buildConfigurations = (
				281EDC9C1EEC71E300CDDB26 /* Debug */,
				281EDC9D1EEC71E300CDDB26 /* Release */,
			);
			defaultConfigurationIsVisible = 0;
			defaultConfigurationName = Release;
		};
		281EDC9E1EEC71E300CDDB26 /* Build configuration list for PBXNativeTarget "NurishTests" */ = {
			isa = XCConfigurationList;
			buildConfigurations = (
				281EDC9F1EEC71E300CDDB26 /* Debug */,
				281EDCA01EEC71E300CDDB26 /* Release */,
			);
			defaultConfigurationIsVisible = 0;
			defaultConfigurationName = Release;
		};
		281EDCA11EEC71E300CDDB26 /* Build configuration list for PBXNativeTarget "NurishUITests" */ = {
			isa = XCConfigurationList;
			buildConfigurations = (
				281EDCA21EEC71E300CDDB26 /* Debug */,
				281EDCA31EEC71E300CDDB26 /* Release */,
			);
			defaultConfigurationIsVisible = 0;
			defaultConfigurationName = Release;
		};
/* End XCConfigurationList section */

/* Begin XCVersionGroup section */
		281EDC7A1EEC71E300CDDB26 /* Nurish.xcdatamodeld */ = {
			isa = XCVersionGroup;
			children = (
				281EDC7B1EEC71E300CDDB26 /* Nurish.xcdatamodel */,
			);
			currentVersion = 281EDC7B1EEC71E300CDDB26 /* Nurish.xcdatamodel */;
			path = Nurish.xcdatamodeld;
			sourceTree = "<group>";
			versionGroupType = wrapper.xcdatamodel;
		};
/* End XCVersionGroup section */
	};
	rootObject = 281EDC681EEC71E300CDDB26 /* Project object */;
}
